
Microsoft Visual Studio Solution File, Format Version 12.00
# Visual Studio 15
VisualStudioVersion = 15.0.28307.106
MinimumVisualStudioVersion = 10.0.40219.1
Project("{FAE04EC0-301F-11D3-BF4B-00C04F79EFBC}") = "XamarinImagesGallery.Android", "XamarinImagesGallery\XamarinImagesGallery.Android\XamarinImagesGallery.Android.csproj", "{59156F6D-F5DC-42CC-9187-E0D57EF3BA4D}"
EndProject
Project("{FAE04EC0-301F-11D3-BF4B-00C04F79EFBC}") = "XamarinImagesGallery.iOS", "XamarinImagesGallery\XamarinImagesGallery.iOS\XamarinImagesGallery.iOS.csproj", "{D48A6A2C-1DA3-47C8-833C-F45A6DC70DFA}"
EndProject
Project("{FAE04EC0-301F-11D3-BF4B-00C04F79EFBC}") = "XamarinImagesGallery", "XamarinImagesGallery\XamarinImagesGallery\XamarinImagesGallery.csproj", "{E2C67C39-03C1-4871-AA91-3B277B76D8D9}"
EndProject
Global
	GlobalSection(SolutionConfigurationPlatforms) = preSolution
		Ad-Hoc|Any CPU = Ad-Hoc|Any CPU
		Ad-Hoc|iPhone = Ad-Hoc|iPhone
		Ad-Hoc|iPhoneSimulator = Ad-Hoc|iPhoneSimulator
		AppStore|Any CPU = AppStore|Any CPU
		AppStore|iPhone = AppStore|iPhone
		AppStore|iPhoneSimulator = AppStore|iPhoneSimulator
		Debug|Any CPU = Debug|Any CPU
		Debug|iPhone = Debug|iPhone
		Debug|iPhoneSimulator = Debug|iPhoneSimulator
		Release|Any CPU = Release|Any CPU
		Release|iPhone = Release|iPhone
		Release|iPhoneSimulator = Release|iPhoneSimulator
	EndGlobalSection
	GlobalSection(ProjectConfigurationPlatforms) = postSolution
		{59156F6D-F5DC-42CC-9187-E0D57EF3BA4D}.Ad-Hoc|Any CPU.ActiveCfg = Release|Any CPU
		{59156F6D-F5DC-42CC-9187-E0D57EF3BA4D}.Ad-Hoc|Any CPU.Build.0 = Release|Any CPU
		{59156F6D-F5DC-42CC-9187-E0D57EF3BA4D}.Ad-Hoc|Any CPU.Deploy.0 = Release|Any CPU
		{59156F6D-F5DC-42CC-9187-E0D57EF3BA4D}.Ad-Hoc|iPhone.ActiveCfg = Release|Any CPU
		{59156F6D-F5DC-42CC-9187-E0D57EF3BA4D}.Ad-Hoc|iPhone.Build.0 = Release|Any CPU
		{59156F6D-F5DC-42CC-9187-E0D57EF3BA4D}.Ad-Hoc|iPhone.Deploy.0 = Release|Any CPU
		{59156F6D-F5DC-42CC-9187-E0D57EF3BA4D}.Ad-Hoc|iPhoneSimulator.ActiveCfg = Release|Any CPU
		{59156F6D-F5DC-42CC-9187-E0D57EF3BA4D}.Ad-Hoc|iPhoneSimulator.Build.0 = Release|Any CPU
		{59156F6D-F5DC-42CC-9187-E0D57EF3BA4D}.Ad-Hoc|iPhoneSimulator.Deploy.0 = Release|Any CPU
		{59156F6D-F5DC-42CC-9187-E0D57EF3BA4D}.AppStore|Any CPU.ActiveCfg = Release|Any CPU
		{59156F6D-F5DC-42CC-9187-E0D57EF3BA4D}.AppStore|Any CPU.Build.0 = Release|Any CPU
		{59156F6D-F5DC-42CC-9187-E0D57EF3BA4D}.AppStore|Any CPU.Deploy.0 = Release|Any CPU
		{59156F6D-F5DC-42CC-9187-E0D57EF3BA4D}.AppStore|iPhone.ActiveCfg = Release|Any CPU
		{59156F6D-F5DC-42CC-9187-E0D57EF3BA4D}.AppStore|iPhone.Build.0 = Release|Any CPU
		{59156F6D-F5DC-42CC-9187-E0D57EF3BA4D}.AppStore|iPhone.Deploy.0 = Release|Any CPU
		{59156F6D-F5DC-42CC-9187-E0D57EF3BA4D}.AppStore|iPhoneSimulator.ActiveCfg = Release|Any CPU
		{59156F6D-F5DC-42CC-9187-E0D57EF3BA4D}.AppStore|iPhoneSimulator.Build.0 = Release|Any CPU
		{59156F6D-F5DC-42CC-9187-E0D57EF3BA4D}.AppStore|iPhoneSimulator.Deploy.0 = Release|Any CPU
		{59156F6D-F5DC-42CC-9187-E0D57EF3BA4D}.Debug|Any CPU.ActiveCfg = Debug|Any CPU
		{59156F6D-F5DC-42CC-9187-E0D57EF3BA4D}.Debug|Any CPU.Build.0 = Debug|Any CPU
		{59156F6D-F5DC-42CC-9187-E0D57EF3BA4D}.Debug|Any CPU.Deploy.0 = Debug|Any CPU
		{59156F6D-F5DC-42CC-9187-E0D57EF3BA4D}.Debug|iPhone.ActiveCfg = Debug|Any CPU
		{59156F6D-F5DC-42CC-9187-E0D57EF3BA4D}.Debug|iPhone.Build.0 = Debug|Any CPU
		{59156F6D-F5DC-42CC-9187-E0D57EF3BA4D}.Debug|iPhone.Deploy.0 = Debug|Any CPU
		{59156F6D-F5DC-42CC-9187-E0D57EF3BA4D}.Debug|iPhoneSimulator.ActiveCfg = Debug|Any CPU
		{59156F6D-F5DC-42CC-9187-E0D57EF3BA4D}.Debug|iPhoneSimulator.Build.0 = Debug|Any CPU
		{59156F6D-F5DC-42CC-9187-E0D57EF3BA4D}.Debug|iPhoneSimulator.Deploy.0 = Debug|Any CPU
		{59156F6D-F5DC-42CC-9187-E0D57EF3BA4D}.Release|Any CPU.ActiveCfg = Release|Any CPU
		{59156F6D-F5DC-42CC-9187-E0D57EF3BA4D}.Release|Any CPU.Build.0 = Release|Any CPU
		{59156F6D-F5DC-42CC-9187-E0D57EF3BA4D}.Release|Any CPU.Deploy.0 = Release|Any CPU
		{59156F6D-F5DC-42CC-9187-E0D57EF3BA4D}.Release|iPhone.ActiveCfg = Release|Any CPU
		{59156F6D-F5DC-42CC-9187-E0D57EF3BA4D}.Release|iPhone.Build.0 = Release|Any CPU
		{59156F6D-F5DC-42CC-9187-E0D57EF3BA4D}.Release|iPhone.Deploy.0 = Release|Any CPU
		{59156F6D-F5DC-42CC-9187-E0D57EF3BA4D}.Release|iPhoneSimulator.ActiveCfg = Release|Any CPU
		{59156F6D-F5DC-42CC-9187-E0D57EF3BA4D}.Release|iPhoneSimulator.Build.0 = Release|Any CPU
		{59156F6D-F5DC-42CC-9187-E0D57EF3BA4D}.Release|iPhoneSimulator.Deploy.0 = Release|Any CPU
		{D48A6A2C-1DA3-47C8-833C-F45A6DC70DFA}.Ad-Hoc|Any CPU.ActiveCfg = Ad-Hoc|iPhone
		{D48A6A2C-1DA3-47C8-833C-F45A6DC70DFA}.Ad-Hoc|Any CPU.Build.0 = Ad-Hoc|iPhone
		{D48A6A2C-1DA3-47C8-833C-F45A6DC70DFA}.Ad-Hoc|Any CPU.Deploy.0 = Ad-Hoc|iPhone
		{D48A6A2C-1DA3-47C8-833C-F45A6DC70DFA}.Ad-Hoc|iPhone.ActiveCfg = Ad-Hoc|iPhone
		{D48A6A2C-1DA3-47C8-833C-F45A6DC70DFA}.Ad-Hoc|iPhone.Build.0 = Ad-Hoc|iPhone
		{D48A6A2C-1DA3-47C8-833C-F45A6DC70DFA}.Ad-Hoc|iPhone.Deploy.0 = Ad-Hoc|iPhone
		{D48A6A2C-1DA3-47C8-833C-F45A6DC70DFA}.Ad-Hoc|iPhoneSimulator.ActiveCfg = Ad-Hoc|iPhoneSimulator
		{D48A6A2C-1DA3-47C8-833C-F45A6DC70DFA}.Ad-Hoc|iPhoneSimulator.Build.0 = Ad-Hoc|iPhoneSimulator
		{D48A6A2C-1DA3-47C8-833C-F45A6DC70DFA}.Ad-Hoc|iPhoneSimulator.Deploy.0 = Ad-Hoc|iPhoneSimulator
		{D48A6A2C-1DA3-47C8-833C-F45A6DC70DFA}.AppStore|Any CPU.ActiveCfg = AppStore|iPhone
		{D48A6A2C-1DA3-47C8-833C-F45A6DC70DFA}.AppStore|Any CPU.Build.0 = AppStore|iPhone
		{D48A6A2C-1DA3-47C8-833C-F45A6DC70DFA}.AppStore|Any CPU.Deploy.0 = AppStore|iPhone
		{D48A6A2C-1DA3-47C8-833C-F45A6DC70DFA}.AppStore|iPhone.ActiveCfg = AppStore|iPhone
		{D48A6A2C-1DA3-47C8-833C-F45A6DC70DFA}.AppStore|iPhone.Build.0 = AppStore|iPhone
		{D48A6A2C-1DA3-47C8-833C-F45A6DC70DFA}.AppStore|iPhone.Deploy.0 = AppStore|iPhone
		{D48A6A2C-1DA3-47C8-833C-F45A6DC70DFA}.AppStore|iPhoneSimulator.ActiveCfg = AppStore|iPhoneSimulator
		{D48A6A2C-1DA3-47C8-833C-F45A6DC70DFA}.AppStore|iPhoneSimulator.Build.0 = AppStore|iPhoneSimulator
		{D48A6A2C-1DA3-47C8-833C-F45A6DC70DFA}.AppStore|iPhoneSimulator.Deploy.0 = AppStore|iPhoneSimulator
		{D48A6A2C-1DA3-47C8-833C-F45A6DC70DFA}.Debug|Any CPU.ActiveCfg = Debug|iPhoneSimulator
		{D48A6A2C-1DA3-47C8-833C-F45A6DC70DFA}.Debug|Any CPU.Build.0 = Debug|iPhoneSimulator
		{D48A6A2C-1DA3-47C8-833C-F45A6DC70DFA}.Debug|Any CPU.Deploy.0 = Debug|iPhoneSimulator
		{D48A6A2C-1DA3-47C8-833C-F45A6DC70DFA}.Debug|iPhone.ActiveCfg = Debug|iPhone
		{D48A6A2C-1DA3-47C8-833C-F45A6DC70DFA}.Debug|iPhone.Build.0 = Debug|iPhone
		{D48A6A2C-1DA3-47C8-833C-F45A6DC70DFA}.Debug|iPhone.Deploy.0 = Debug|iPhone
		{D48A6A2C-1DA3-47C8-833C-F45A6DC70DFA}.Debug|iPhoneSimulator.ActiveCfg = Debug|iPhoneSimulator
		{D48A6A2C-1DA3-47C8-833C-F45A6DC70DFA}.Debug|iPhoneSimulator.Build.0 = Debug|iPhoneSimulator
		{D48A6A2C-1DA3-47C8-833C-F45A6DC70DFA}.Debug|iPhoneSimulator.Deploy.0 = Debug|iPhoneSimulator
		{D48A6A2C-1DA3-47C8-833C-F45A6DC70DFA}.Release|Any CPU.ActiveCfg = Release|iPhone
		{D48A6A2C-1DA3-47C8-833C-F45A6DC70DFA}.Release|Any CPU.Build.0 = Release|iPhone
		{D48A6A2C-1DA3-47C8-833C-F45A6DC70DFA}.Release|Any CPU.Deploy.0 = Release|iPhone
		{D48A6A2C-1DA3-47C8-833C-F45A6DC70DFA}.Release|iPhone.ActiveCfg = Release|iPhone
		{D48A6A2C-1DA3-47C8-833C-F45A6DC70DFA}.Release|iPhone.Build.0 = Release|iPhone
		{D48A6A2C-1DA3-47C8-833C-F45A6DC70DFA}.Release|iPhone.Deploy.0 = Release|iPhone
		{D48A6A2C-1DA3-47C8-833C-F45A6DC70DFA}.Release|iPhoneSimulator.ActiveCfg = Release|iPhoneSimulator
		{D48A6A2C-1DA3-47C8-833C-F45A6DC70DFA}.Release|iPhoneSimulator.Build.0 = Release|iPhoneSimulator
		{D48A6A2C-1DA3-47C8-833C-F45A6DC70DFA}.Release|iPhoneSimulator.Deploy.0 = Release|iPhoneSimulator
		{E2C67C39-03C1-4871-AA91-3B277B76D8D9}.Ad-Hoc|Any CPU.ActiveCfg = Debug|Any CPU
		{E2C67C39-03C1-4871-AA91-3B277B76D8D9}.Ad-Hoc|Any CPU.Build.0 = Debug|Any CPU
		{E2C67C39-03C1-4871-AA91-3B277B76D8D9}.Ad-Hoc|Any CPU.Deploy.0 = Debug|Any CPU
		{E2C67C39-03C1-4871-AA91-3B277B76D8D9}.Ad-Hoc|iPhone.ActiveCfg = Debug|Any CPU
		{E2C67C39-03C1-4871-AA91-3B277B76D8D9}.Ad-Hoc|iPhone.Build.0 = Debug|Any CPU
		{E2C67C39-03C1-4871-AA91-3B277B76D8D9}.Ad-Hoc|iPhone.Deploy.0 = Debug|Any CPU
		{E2C67C39-03C1-4871-AA91-3B277B76D8D9}.Ad-Hoc|iPhoneSimulator.ActiveCfg = Debug|Any CPU
		{E2C67C39-03C1-4871-AA91-3B277B76D8D9}.Ad-Hoc|iPhoneSimulator.Build.0 = Debug|Any CPU
		{E2C67C39-03C1-4871-AA91-3B277B76D8D9}.Ad-Hoc|iPhoneSimulator.Deploy.0 = Debug|Any CPU
		{E2C67C39-03C1-4871-AA91-3B277B76D8D9}.AppStore|Any CPU.ActiveCfg = Debug|Any CPU
		{E2C67C39-03C1-4871-AA91-3B277B76D8D9}.AppStore|Any CPU.Build.0 = Debug|Any CPU
		{E2C67C39-03C1-4871-AA91-3B277B76D8D9}.AppStore|Any CPU.Deploy.0 = Debug|Any CPU
		{E2C67C39-03C1-4871-AA91-3B277B76D8D9}.AppStore|iPhone.ActiveCfg = Debug|Any CPU
		{E2C67C39-03C1-4871-AA91-3B277B76D8D9}.AppStore|iPhone.Build.0 = Debug|Any CPU
		{E2C67C39-03C1-4871-AA91-3B277B76D8D9}.AppStore|iPhone.Deploy.0 = Debug|Any CPU
		{E2C67C39-03C1-4871-AA91-3B277B76D8D9}.AppStore|iPhoneSimulator.ActiveCfg = Debug|Any CPU
		{E2C67C39-03C1-4871-AA91-3B277B76D8D9}.AppStore|iPhoneSimulator.Build.0 = Debug|Any CPU
		{E2C67C39-03C1-4871-AA91-3B277B76D8D9}.AppStore|iPhoneSimulator.Deploy.0 = Debug|Any CPU
		{E2C67C39-03C1-4871-AA91-3B277B76D8D9}.Debug|Any CPU.ActiveCfg = Debug|Any CPU
		{E2C67C39-03C1-4871-AA91-3B277B76D8D9}.Debug|Any CPU.Build.0 = Debug|Any CPU
		{E2C67C39-03C1-4871-AA91-3B277B76D8D9}.Debug|Any CPU.Deploy.0 = Debug|Any CPU
		{E2C67C39-03C1-4871-AA91-3B277B76D8D9}.Debug|iPhone.ActiveCfg = Debug|Any CPU
		{E2C67C39-03C1-4871-AA91-3B277B76D8D9}.Debug|iPhone.Build.0 = Debug|Any CPU
		{E2C67C39-03C1-4871-AA91-3B277B76D8D9}.Debug|iPhone.Deploy.0 = Debug|Any CPU
		{E2C67C39-03C1-4871-AA91-3B277B76D8D9}.Debug|iPhoneSimulator.ActiveCfg = Debug|Any CPU
		{E2C67C39-03C1-4871-AA91-3B277B76D8D9}.Debug|iPhoneSimulator.Build.0 = Debug|Any CPU
		{E2C67C39-03C1-4871-AA91-3B277B76D8D9}.Debug|iPhoneSimulator.Deploy.0 = Debug|Any CPU
		{E2C67C39-03C1-4871-AA91-3B277B76D8D9}.Release|Any CPU.ActiveCfg = Release|Any CPU
		{E2C67C39-03C1-4871-AA91-3B277B76D8D9}.Release|Any CPU.Build.0 = Release|Any CPU
		{E2C67C39-03C1-4871-AA91-3B277B76D8D9}.Release|Any CPU.Deploy.0 = Release|Any CPU
		{E2C67C39-03C1-4871-AA91-3B277B76D8D9}.Release|iPhone.ActiveCfg = Release|Any CPU
		{E2C67C39-03C1-4871-AA91-3B277B76D8D9}.Release|iPhone.Build.0 = Release|Any CPU
		{E2C67C39-03C1-4871-AA91-3B277B76D8D9}.Release|iPhone.Deploy.0 = Release|Any CPU
		{E2C67C39-03C1-4871-AA91-3B277B76D8D9}.Release|iPhoneSimulator.ActiveCfg = Release|Any CPU
		{E2C67C39-03C1-4871-AA91-3B277B76D8D9}.Release|iPhoneSimulator.Build.0 = Release|Any CPU
		{E2C67C39-03C1-4871-AA91-3B277B76D8D9}.Release|iPhoneSimulator.Deploy.0 = Release|Any CPU
	EndGlobalSection
	GlobalSection(SolutionProperties) = preSolution
		HideSolutionNode = FALSE
	EndGlobalSection
	GlobalSection(ExtensibilityGlobals) = postSolution
		SolutionGuid = {9276FFD7-7B3F-4B37-BC8B-331FAE7250C8}
	EndGlobalSection
EndGlobal
